PODS:
  - Flutter (1.0.0)
  - isar_flutter_libs (1.0.0):
    - Flutter
  - rive_common (0.0.1):
    - Flutter

DEPENDENCIES:
  - Flutter (from `Flutter`)
  - isar_flutter_libs (from `.symlinks/plugins/isar_flutter_libs/ios`)
  - rive_common (from `.symlinks/plugins/rive_common/ios`)

EXTERNAL SOURCES:
  Flutter:
    :path: Flutter
  isar_flutter_libs:
    :path: ".symlinks/plugins/isar_flutter_libs/ios"
  rive_common:
    :path: ".symlinks/plugins/rive_common/ios"

SPEC CHECKSUMS:
  Flutter: cabc95a1d2626b1b06e7179b784ebcf0c0cde467
  isar_flutter_libs: 9fc2cfb928c539e1b76c481ba5d143d556d94920
  rive_common: dd421daaf9ae69f0125aa761dd96abd278399952

PODFILE CHECKSUM: e166faa4e273218002f394b7c12c2f5196d63cf0

COCOAPODS: 1.17.0
